
Microsoft Visual Studio Solution File, Format Version 12.00
# Visual Studio 2013
VisualStudioVersion = 12.0.30723.0
MinimumVisualStudioVersion = 10.0.40219.1
Project("{FAE04EC0-301F-11D3-BF4B-00C04F79EFBC}") = "SPGenerator", "spGenerator\SPGenerator.csproj", "{B8BF090A-A834-42C8-8E7E-6CED866E08D0}"
EndProject
Project("{FAE04EC0-301F-11D3-BF4B-00C04F79EFBC}") = "genCore", "genCore\genCore.csproj", "{27363086-2E9C-4218-A789-32E962B1CE82}"
EndProject
Project("{FAE04EC0-301F-11D3-BF4B-00C04F79EFBC}") = "resources", "resources\resources.csproj", "{2C539A7A-6D2B-4FD2-8D8A-812EBC14C6D5}"
EndProject
Global
	GlobalSection(SolutionConfigurationPlatforms) = preSolution
		Debug|Any CPU = Debug|Any CPU
		Release|Any CPU = Release|Any CPU
	EndGlobalSection
	GlobalSection(ProjectConfigurationPlatforms) = postSolution
		{B8BF090A-A834-42C8-8E7E-6CED866E08D0}.Debug|Any CPU.ActiveCfg = Debug|Any CPU
		{B8BF090A-A834-42C8-8E7E-6CED866E08D0}.Debug|Any CPU.Build.0 = Debug|Any CPU
		{B8BF090A-A834-42C8-8E7E-6CED866E08D0}.Release|Any CPU.ActiveCfg = Release|Any CPU
		{B8BF090A-A834-42C8-8E7E-6CED866E08D0}.Release|Any CPU.Build.0 = Release|Any CPU
		{27363086-2E9C-4218-A789-32E962B1CE82}.Debug|Any CPU.ActiveCfg = Debug|Any CPU
		{27363086-2E9C-4218-A789-32E962B1CE82}.Debug|Any CPU.Build.0 = Debug|Any CPU
		{27363086-2E9C-4218-A789-32E962B1CE82}.Release|Any CPU.ActiveCfg = Release|Any CPU
		{27363086-2E9C-4218-A789-32E962B1CE82}.Release|Any CPU.Build.0 = Release|Any CPU
		{2C539A7A-6D2B-4FD2-8D8A-812EBC14C6D5}.Debug|Any CPU.ActiveCfg = Debug|Any CPU
		{2C539A7A-6D2B-4FD2-8D8A-812EBC14C6D5}.Debug|Any CPU.Build.0 = Debug|Any CPU
		{2C539A7A-6D2B-4FD2-8D8A-812EBC14C6D5}.Release|Any CPU.ActiveCfg = Release|Any CPU
		{2C539A7A-6D2B-4FD2-8D8A-812EBC14C6D5}.Release|Any CPU.Build.0 = Release|Any CPU
	EndGlobalSection
	GlobalSection(SolutionProperties) = preSolution
		HideSolutionNode = FALSE
	EndGlobalSection
EndGlobal
